
Microsoft Visual Studio Solution File, Format Version 12.00
# Visual Studio 15
VisualStudioVersion = 15.0.26124.0
MinimumVisualStudioVersion = 15.0.26124.0
Project("{FAE04EC0-301F-11D3-BF4B-00C04F79EFBC}") = "cache", "cache\cache.csproj", "{C3C0C3EE-BA5E-406A-A7D7-528D332B0640}"
EndProject
Project("{FAE04EC0-301F-11D3-BF4B-00C04F79EFBC}") = "postconfigureservice", "postconfigureservice\postconfigureservice.csproj", "{F9CEA90B-CBA9-478A-907D-F2C606866BA8}"
EndProject
Project("{FAE04EC0-301F-11D3-BF4B-00C04F79EFBC}") = "testhostedservice", "testhostedservice\testhostedservice.csproj", "{75BB8B16-058E-4620-8296-BD59E78D09C7}"
EndProject
Project("{FAE04EC0-301F-11D3-BF4B-00C04F79EFBC}") = "syncronous", "syncronous\syncronous.csproj", "{CF5A17E1-8394-4F6A-9163-D1BD4524A17E}"
EndProject
Global
	GlobalSection(SolutionConfigurationPlatforms) = preSolution
		Debug|Any CPU = Debug|Any CPU
		Debug|x64 = Debug|x64
		Debug|x86 = Debug|x86
		Release|Any CPU = Release|Any CPU
		Release|x64 = Release|x64
		Release|x86 = Release|x86
	EndGlobalSection
	GlobalSection(SolutionProperties) = preSolution
		HideSolutionNode = FALSE
	EndGlobalSection
	GlobalSection(ProjectConfigurationPlatforms) = postSolution
		{C3C0C3EE-BA5E-406A-A7D7-528D332B0640}.Debug|Any CPU.ActiveCfg = Debug|Any CPU
		{C3C0C3EE-BA5E-406A-A7D7-528D332B0640}.Debug|Any CPU.Build.0 = Debug|Any CPU
		{C3C0C3EE-BA5E-406A-A7D7-528D332B0640}.Debug|x64.ActiveCfg = Debug|Any CPU
		{C3C0C3EE-BA5E-406A-A7D7-528D332B0640}.Debug|x64.Build.0 = Debug|Any CPU
		{C3C0C3EE-BA5E-406A-A7D7-528D332B0640}.Debug|x86.ActiveCfg = Debug|Any CPU
		{C3C0C3EE-BA5E-406A-A7D7-528D332B0640}.Debug|x86.Build.0 = Debug|Any CPU
		{C3C0C3EE-BA5E-406A-A7D7-528D332B0640}.Release|Any CPU.ActiveCfg = Release|Any CPU
		{C3C0C3EE-BA5E-406A-A7D7-528D332B0640}.Release|Any CPU.Build.0 = Release|Any CPU
		{C3C0C3EE-BA5E-406A-A7D7-528D332B0640}.Release|x64.ActiveCfg = Release|Any CPU
		{C3C0C3EE-BA5E-406A-A7D7-528D332B0640}.Release|x64.Build.0 = Release|Any CPU
		{C3C0C3EE-BA5E-406A-A7D7-528D332B0640}.Release|x86.ActiveCfg = Release|Any CPU
		{C3C0C3EE-BA5E-406A-A7D7-528D332B0640}.Release|x86.Build.0 = Release|Any CPU
		{F9CEA90B-CBA9-478A-907D-F2C606866BA8}.Debug|Any CPU.ActiveCfg = Debug|Any CPU
		{F9CEA90B-CBA9-478A-907D-F2C606866BA8}.Debug|Any CPU.Build.0 = Debug|Any CPU
		{F9CEA90B-CBA9-478A-907D-F2C606866BA8}.Debug|x64.ActiveCfg = Debug|Any CPU
		{F9CEA90B-CBA9-478A-907D-F2C606866BA8}.Debug|x64.Build.0 = Debug|Any CPU
		{F9CEA90B-CBA9-478A-907D-F2C606866BA8}.Debug|x86.ActiveCfg = Debug|Any CPU
		{F9CEA90B-CBA9-478A-907D-F2C606866BA8}.Debug|x86.Build.0 = Debug|Any CPU
		{F9CEA90B-CBA9-478A-907D-F2C606866BA8}.Release|Any CPU.ActiveCfg = Release|Any CPU
		{F9CEA90B-CBA9-478A-907D-F2C606866BA8}.Release|Any CPU.Build.0 = Release|Any CPU
		{F9CEA90B-CBA9-478A-907D-F2C606866BA8}.Release|x64.ActiveCfg = Release|Any CPU
		{F9CEA90B-CBA9-478A-907D-F2C606866BA8}.Release|x64.Build.0 = Release|Any CPU
		{F9CEA90B-CBA9-478A-907D-F2C606866BA8}.Release|x86.ActiveCfg = Release|Any CPU
		{F9CEA90B-CBA9-478A-907D-F2C606866BA8}.Release|x86.Build.0 = Release|Any CPU
		{75BB8B16-058E-4620-8296-BD59E78D09C7}.Debug|Any CPU.ActiveCfg = Debug|Any CPU
		{75BB8B16-058E-4620-8296-BD59E78D09C7}.Debug|Any CPU.Build.0 = Debug|Any CPU
		{75BB8B16-058E-4620-8296-BD59E78D09C7}.Debug|x64.ActiveCfg = Debug|Any CPU
		{75BB8B16-058E-4620-8296-BD59E78D09C7}.Debug|x64.Build.0 = Debug|Any CPU
		{75BB8B16-058E-4620-8296-BD59E78D09C7}.Debug|x86.ActiveCfg = Debug|Any CPU
		{75BB8B16-058E-4620-8296-BD59E78D09C7}.Debug|x86.Build.0 = Debug|Any CPU
		{75BB8B16-058E-4620-8296-BD59E78D09C7}.Release|Any CPU.ActiveCfg = Release|Any CPU
		{75BB8B16-058E-4620-8296-BD59E78D09C7}.Release|Any CPU.Build.0 = Release|Any CPU
		{75BB8B16-058E-4620-8296-BD59E78D09C7}.Release|x64.ActiveCfg = Release|Any CPU
		{75BB8B16-058E-4620-8296-BD59E78D09C7}.Release|x64.Build.0 = Release|Any CPU
		{75BB8B16-058E-4620-8296-BD59E78D09C7}.Release|x86.ActiveCfg = Release|Any CPU
		{75BB8B16-058E-4620-8296-BD59E78D09C7}.Release|x86.Build.0 = Release|Any CPU
		{CF5A17E1-8394-4F6A-9163-D1BD4524A17E}.Debug|Any CPU.ActiveCfg = Debug|Any CPU
		{CF5A17E1-8394-4F6A-9163-D1BD4524A17E}.Debug|Any CPU.Build.0 = Debug|Any CPU
		{CF5A17E1-8394-4F6A-9163-D1BD4524A17E}.Debug|x64.ActiveCfg = Debug|Any CPU
		{CF5A17E1-8394-4F6A-9163-D1BD4524A17E}.Debug|x64.Build.0 = Debug|Any CPU
		{CF5A17E1-8394-4F6A-9163-D1BD4524A17E}.Debug|x86.ActiveCfg = Debug|Any CPU
		{CF5A17E1-8394-4F6A-9163-D1BD4524A17E}.Debug|x86.Build.0 = Debug|Any CPU
		{CF5A17E1-8394-4F6A-9163-D1BD4524A17E}.Release|Any CPU.ActiveCfg = Release|Any CPU
		{CF5A17E1-8394-4F6A-9163-D1BD4524A17E}.Release|Any CPU.Build.0 = Release|Any CPU
		{CF5A17E1-8394-4F6A-9163-D1BD4524A17E}.Release|x64.ActiveCfg = Release|Any CPU
		{CF5A17E1-8394-4F6A-9163-D1BD4524A17E}.Release|x64.Build.0 = Release|Any CPU
		{CF5A17E1-8394-4F6A-9163-D1BD4524A17E}.Release|x86.ActiveCfg = Release|Any CPU
		{CF5A17E1-8394-4F6A-9163-D1BD4524A17E}.Release|x86.Build.0 = Release|Any CPU
	EndGlobalSection
EndGlobal
